
Microsoft Visual Studio Solution File, Format Version 12.00
# Visual Studio Version 16
VisualStudioVersion = 16.0.28803.156
MinimumVisualStudioVersion = 10.0.40219.1
Project("{2150E333-8FDC-42A3-9474-1A3956D46DE8}") = "000.Solution Items", "000.Solution Items", "{85BAAC83-9159-4E88-929C-FC9A98556042}"
	ProjectSection(SolutionItems) = preProject
		.gitattributes = .gitattributes
		.gitignore = .gitignore
		License.txt = License.txt
		README.md = README.md
		Solution.All.Projects.Common.AssemblyInfo.cs = Solution.All.Projects.Common.AssemblyInfo.cs
	EndProjectSection
EndProject
Project("{2150E333-8FDC-42A3-9474-1A3956D46DE8}") = "001.Nuget.Packages", "001.Nuget.Packages", "{CAD60DFA-15EF-4DE0-9EEC-1BFD6B8D955F}"
EndProject
Project("{2150E333-8FDC-42A3-9474-1A3956D46DE8}") = "900.Samples", "900.Samples", "{4D0D143C-B43C-41F0-89AF-EDA121770B37}"
EndProject
Project("{2150E333-8FDC-42A3-9474-1A3956D46DE8}") = "002.WorkFlowEtw", "002.WorkFlowEtw", "{F7E23E95-ED82-4E07-9820-F2F92C78A43E}"
EndProject
Project("{FAE04EC0-301F-11D3-BF4B-00C04F79EFBC}") = "NumberGuessWorkflowHost", "Samples\WorkFlowEtw\NumberGuessWorkflowHost\NumberGuessWorkflowHost.csproj", "{EB9C94B9-91B4-4F66-9763-6CE637901145}"
EndProject
Project("{FAE04EC0-301F-11D3-BF4B-00C04F79EFBC}") = "NumberGuessWorkflowActivities", "Samples\WorkFlowEtw\NumberGuessWorkflowActivities\NumberGuessWorkflowActivities.csproj", "{98EC024C-6439-44B1-8B1E-29E457B2201F}"
EndProject
Project("{2150E333-8FDC-42A3-9474-1A3956D46DE8}") = "010.SharedProjects", "010.SharedProjects", "{E402FB2A-AFF3-4187-8140-5837A01B1349}"
EndProject
Project("{D954291E-2A0B-460D-934E-DC6B0785DB48}") = "CommonUtilities.Shared", "CommonUtilities.Shared\CommonUtilities.Shared.shproj", "{7878DF3A-8418-4ACA-B415-300B81AFD792}"
EndProject
Project("{2150E333-8FDC-42A3-9474-1A3956D46DE8}") = "00.CommonUtilities", "00.CommonUtilities", "{43EF88A3-B29F-4CBF-9A4B-DF2AACED052E}"
EndProject
Project("{2150E333-8FDC-42A3-9474-1A3956D46DE8}") = "00.SharedSource", "00.SharedSource", "{49026145-4CC3-4DED-BFAE-A2B87C0CEBC3}"
EndProject
Project("{2150E333-8FDC-42A3-9474-1A3956D46DE8}") = "800.Nuget.Packaging", "800.Nuget.Packaging", "{1C26E3E0-A05C-4BFC-AA4F-90A48B5D58E6}"
EndProject
Project("{FAE04EC0-301F-11D3-BF4B-00C04F79EFBC}") = "CommonUtilities.NugetPackaging", "CommonUtilities.NugetPackaging\CommonUtilities.NugetPackaging.csproj", "{AA3E4625-5030-434D-850C-5BFA69D76F2E}"
EndProject
Project("{FAE04EC0-301F-11D3-BF4B-00C04F79EFBC}") = "CommonUtilities.NET.Framework.4.6.x", "CommonUtilities\CommonUtilities.Full\CommonUtilities.NET.Framework.4.6.x\CommonUtilities.NET.Framework.4.6.x.csproj", "{A6B57925-E9AD-4E09-BC4C-32A2BD1164A6}"
EndProject
Project("{2150E333-8FDC-42A3-9474-1A3956D46DE8}") = "10.Framework", "10.Framework", "{AC2081A9-8821-4480-9671-D3EB8F1D114A}"
EndProject
Project("{FAE04EC0-301F-11D3-BF4B-00C04F79EFBC}") = "CommonUtilities.NET.Framework.4.7.x", "CommonUtilities\CommonUtilities.Full\CommonUtilities.NET.Framework.4.7.x\CommonUtilities.NET.Framework.4.7.x.csproj", "{C2AF98F7-FE1F-46B9-8613-0EF72F6FF436}"
EndProject
Project("{9A19103F-16F7-4668-BE54-9A1E7A4F7556}") = "Nuget.Packages.NET.Standard", "packages\Nuget.Packages.NET.Standard.csproj", "{C758CD3D-B9F8-4420-AC80-411E288A23FF}"
EndProject
Project("{2150E333-8FDC-42A3-9474-1A3956D46DE8}") = "002.WorkFlow", "002.WorkFlow", "{7812AC91-D2B8-4FF4-A356-FD52DA7CD931}"
EndProject
Project("{FAE04EC0-301F-11D3-BF4B-00C04F79EFBC}") = "ActivityLibrary1", "Samples\WorkFlow\ActivityLibrary1\ActivityLibrary1.csproj", "{346F936A-D530-4899-9A81-D6A7F7748122}"
EndProject
Project("{FAE04EC0-301F-11D3-BF4B-00C04F79EFBC}") = "ActivityLibrary2", "Samples\WorkFlow\ActivityLibrary2\ActivityLibrary2.csproj", "{B1661242-0CE2-4C22-8D9C-C701D8D499CC}"
EndProject
Project("{FAE04EC0-301F-11D3-BF4B-00C04F79EFBC}") = "ActivityLibrary3", "Samples\WorkFlow\ActivityLibrary3\ActivityLibrary3.csproj", "{422A3C7D-8555-4822-9204-AC598CA5C94F}"
EndProject
Project("{FAE04EC0-301F-11D3-BF4B-00C04F79EFBC}") = "JsonIoActivitiesLibrary", "Samples\WorkFlow\JsonIoActivitiesLibrary\JsonIoActivitiesLibrary.csproj", "{918D8093-3F1C-4EE9-9895-4257A18A0321}"
EndProject
Project("{2150E333-8FDC-42A3-9474-1A3956D46DE8}") = "01.ActivitiesLibrary", "01.ActivitiesLibrary", "{BA21E18C-7E64-4AEA-873C-0A9C826DEC1F}"
EndProject
Project("{2150E333-8FDC-42A3-9474-1A3956D46DE8}") = "10.WorkFlowsChart", "10.WorkFlowsChart", "{F8B7B662-CE3B-4A89-8344-F7113BCF37D3}"
EndProject
Project("{FAE04EC0-301F-11D3-BF4B-00C04F79EFBC}") = "WorkFlows", "Samples\WorkFlow\WorkFlows\WorkFlows.csproj", "{946414AE-CC8F-4434-BBC2-D09B9C64FF00}"
EndProject
Project("{2150E333-8FDC-42A3-9474-1A3956D46DE8}") = "50.WorkFlowsHost", "50.WorkFlowsHost", "{CF1E96BB-5587-4126-AAC7-86A8E150643C}"
EndProject
Project("{FAE04EC0-301F-11D3-BF4B-00C04F79EFBC}") = "WorkflowsHostConsoleApplication", "Samples\WorkFlow\WorkflowsHost\WorkflowsHostConsoleApplication.csproj", "{7B2465D8-14FB-4DE8-9D93-7090C5A01B77}"
EndProject
Project("{FAE04EC0-301F-11D3-BF4B-00C04F79EFBC}") = "ApprovalActivitiesLibrary", "Samples\WorkFlow\ApprovalActivitiesLibrary\ApprovalActivitiesLibrary.csproj", "{ED7205F1-CAA4-4E93-9F6E-303E697F8D8E}"
EndProject
Project("{FAE04EC0-301F-11D3-BF4B-00C04F79EFBC}") = "WorkflowsHostFormsApplication", "Samples\WorkFlow\WorkflowsHostFormsApplication\WorkflowsHostFormsApplication.csproj", "{800F3345-E6C4-43D6-94FF-E455F6C0E5EC}"
EndProject
Project("{2150E333-8FDC-42A3-9474-1A3956D46DE8}") = "01.WorkFlowUtilities", "01.WorkFlowUtilities", "{B0641DFC-F5EF-41EC-9A04-9CA3AE4CD3C0}"
EndProject
Project("{2150E333-8FDC-42A3-9474-1A3956D46DE8}") = "00.SharedSource", "00.SharedSource", "{766A39CB-F28B-4E22-8998-560191441EA0}"
EndProject
Project("{2150E333-8FDC-42A3-9474-1A3956D46DE8}") = "10.Framework", "10.Framework", "{8D1018DD-EA00-4F7D-B5F7-3F46A482C178}"
EndProject
Project("{FAE04EC0-301F-11D3-BF4B-00C04F79EFBC}") = "WorkFlowUtilities.NET.Framework.4.6.x", "CommonUtilities\WorkFlowUtilities\WorkFlowUtilities.NET.Framework.4.6.x\WorkFlowUtilities.NET.Framework.4.6.x.csproj", "{779E6BBB-B656-41FD-BC59-A5B4ECA9E3BE}"
EndProject
Project("{D954291E-2A0B-460D-934E-DC6B0785DB48}") = "WorkFlowUtilities.Shared", "CommonUtilities.Shared\WorkFlowUtilities.Shared.shproj", "{F27798F3-0529-4852-9E9C-819699A772CB}"
EndProject
Global
	GlobalSection(SharedMSBuildProjectFiles) = preSolution
		CommonUtilities.Shared\WorkFlowUtilities.Shared.projitems*{779e6bbb-b656-41fd-bc59-a5b4eca9e3be}*SharedItemsImports = 4
		CommonUtilities.Shared\CommonUtilities.Shared.projitems*{7878df3a-8418-4aca-b415-300b81afd792}*SharedItemsImports = 13
		CommonUtilities.Shared\CommonUtilities.Shared.projitems*{a6b57925-e9ad-4e09-bc4c-32a2bd1164a6}*SharedItemsImports = 4
		CommonUtilities.Shared\CommonUtilities.Shared.projitems*{c2af98f7-fe1f-46b9-8613-0ef72f6ff436}*SharedItemsImports = 4
		CommonUtilities.Shared\WorkFlowUtilities.Shared.projitems*{f27798f3-0529-4852-9e9c-819699a772cb}*SharedItemsImports = 13
	EndGlobalSection
	GlobalSection(SolutionConfigurationPlatforms) = preSolution
		Debug|Any CPU = Debug|Any CPU
		Debug|ARM = Debug|ARM
		Debug|x64 = Debug|x64
		Debug|x86 = Debug|x86
		Release|Any CPU = Release|Any CPU
		Release|ARM = Release|ARM
		Release|x64 = Release|x64
		Release|x86 = Release|x86
	EndGlobalSection
	GlobalSection(ProjectConfigurationPlatforms) = postSolution
		{EB9C94B9-91B4-4F66-9763-6CE637901145}.Debug|Any CPU.ActiveCfg = Debug|Any CPU
		{EB9C94B9-91B4-4F66-9763-6CE637901145}.Debug|Any CPU.Build.0 = Debug|Any CPU
		{EB9C94B9-91B4-4F66-9763-6CE637901145}.Debug|ARM.ActiveCfg = Debug|Any CPU
		{EB9C94B9-91B4-4F66-9763-6CE637901145}.Debug|ARM.Build.0 = Debug|Any CPU
		{EB9C94B9-91B4-4F66-9763-6CE637901145}.Debug|x64.ActiveCfg = Debug|x64
		{EB9C94B9-91B4-4F66-9763-6CE637901145}.Debug|x64.Build.0 = Debug|x64
		{EB9C94B9-91B4-4F66-9763-6CE637901145}.Debug|x86.ActiveCfg = Debug|Any CPU
		{EB9C94B9-91B4-4F66-9763-6CE637901145}.Debug|x86.Build.0 = Debug|Any CPU
		{EB9C94B9-91B4-4F66-9763-6CE637901145}.Release|Any CPU.ActiveCfg = Release|Any CPU
		{EB9C94B9-91B4-4F66-9763-6CE637901145}.Release|Any CPU.Build.0 = Release|Any CPU
		{EB9C94B9-91B4-4F66-9763-6CE637901145}.Release|ARM.ActiveCfg = Release|Any CPU
		{EB9C94B9-91B4-4F66-9763-6CE637901145}.Release|ARM.Build.0 = Release|Any CPU
		{EB9C94B9-91B4-4F66-9763-6CE637901145}.Release|x64.ActiveCfg = Release|x64
		{EB9C94B9-91B4-4F66-9763-6CE637901145}.Release|x64.Build.0 = Release|x64
		{EB9C94B9-91B4-4F66-9763-6CE637901145}.Release|x86.ActiveCfg = Release|Any CPU
		{EB9C94B9-91B4-4F66-9763-6CE637901145}.Release|x86.Build.0 = Release|Any CPU
		{98EC024C-6439-44B1-8B1E-29E457B2201F}.Debug|Any CPU.ActiveCfg = Debug|Any CPU
		{98EC024C-6439-44B1-8B1E-29E457B2201F}.Debug|Any CPU.Build.0 = Debug|Any CPU
		{98EC024C-6439-44B1-8B1E-29E457B2201F}.Debug|ARM.ActiveCfg = Debug|Any CPU
		{98EC024C-6439-44B1-8B1E-29E457B2201F}.Debug|ARM.Build.0 = Debug|Any CPU
		{98EC024C-6439-44B1-8B1E-29E457B2201F}.Debug|x64.ActiveCfg = Debug|Any CPU
		{98EC024C-6439-44B1-8B1E-29E457B2201F}.Debug|x64.Build.0 = Debug|Any CPU
		{98EC024C-6439-44B1-8B1E-29E457B2201F}.Debug|x86.ActiveCfg = Debug|Any CPU
		{98EC024C-6439-44B1-8B1E-29E457B2201F}.Debug|x86.Build.0 = Debug|Any CPU
		{98EC024C-6439-44B1-8B1E-29E457B2201F}.Release|Any CPU.ActiveCfg = Release|Any CPU
		{98EC024C-6439-44B1-8B1E-29E457B2201F}.Release|Any CPU.Build.0 = Release|Any CPU
		{98EC024C-6439-44B1-8B1E-29E457B2201F}.Release|ARM.ActiveCfg = Release|Any CPU
		{98EC024C-6439-44B1-8B1E-29E457B2201F}.Release|ARM.Build.0 = Release|Any CPU
		{98EC024C-6439-44B1-8B1E-29E457B2201F}.Release|x64.ActiveCfg = Release|Any CPU
		{98EC024C-6439-44B1-8B1E-29E457B2201F}.Release|x64.Build.0 = Release|Any CPU
		{98EC024C-6439-44B1-8B1E-29E457B2201F}.Release|x86.ActiveCfg = Release|Any CPU
		{98EC024C-6439-44B1-8B1E-29E457B2201F}.Release|x86.Build.0 = Release|Any CPU
		{AA3E4625-5030-434D-850C-5BFA69D76F2E}.Debug|Any CPU.ActiveCfg = Debug|Any CPU
		{AA3E4625-5030-434D-850C-5BFA69D76F2E}.Debug|ARM.ActiveCfg = Debug|Any CPU
		{AA3E4625-5030-434D-850C-5BFA69D76F2E}.Debug|ARM.Build.0 = Debug|Any CPU
		{AA3E4625-5030-434D-850C-5BFA69D76F2E}.Debug|x64.ActiveCfg = Debug|Any CPU
		{AA3E4625-5030-434D-850C-5BFA69D76F2E}.Debug|x64.Build.0 = Debug|Any CPU
		{AA3E4625-5030-434D-850C-5BFA69D76F2E}.Debug|x86.ActiveCfg = Debug|Any CPU
		{AA3E4625-5030-434D-850C-5BFA69D76F2E}.Debug|x86.Build.0 = Debug|Any CPU
		{AA3E4625-5030-434D-850C-5BFA69D76F2E}.Release|Any CPU.ActiveCfg = Release|Any CPU
		{AA3E4625-5030-434D-850C-5BFA69D76F2E}.Release|ARM.ActiveCfg = Release|Any CPU
		{AA3E4625-5030-434D-850C-5BFA69D76F2E}.Release|ARM.Build.0 = Release|Any CPU
		{AA3E4625-5030-434D-850C-5BFA69D76F2E}.Release|x64.ActiveCfg = Release|Any CPU
		{AA3E4625-5030-434D-850C-5BFA69D76F2E}.Release|x64.Build.0 = Release|Any CPU
		{AA3E4625-5030-434D-850C-5BFA69D76F2E}.Release|x86.ActiveCfg = Release|Any CPU
		{AA3E4625-5030-434D-850C-5BFA69D76F2E}.Release|x86.Build.0 = Release|Any CPU
		{A6B57925-E9AD-4E09-BC4C-32A2BD1164A6}.Debug|Any CPU.ActiveCfg = Debug|Any CPU
		{A6B57925-E9AD-4E09-BC4C-32A2BD1164A6}.Debug|Any CPU.Build.0 = Debug|Any CPU
		{A6B57925-E9AD-4E09-BC4C-32A2BD1164A6}.Debug|ARM.ActiveCfg = Debug|Any CPU
		{A6B57925-E9AD-4E09-BC4C-32A2BD1164A6}.Debug|ARM.Build.0 = Debug|Any CPU
		{A6B57925-E9AD-4E09-BC4C-32A2BD1164A6}.Debug|x64.ActiveCfg = Debug|Any CPU
		{A6B57925-E9AD-4E09-BC4C-32A2BD1164A6}.Debug|x64.Build.0 = Debug|Any CPU
		{A6B57925-E9AD-4E09-BC4C-32A2BD1164A6}.Debug|x86.ActiveCfg = Debug|Any CPU
		{A6B57925-E9AD-4E09-BC4C-32A2BD1164A6}.Debug|x86.Build.0 = Debug|Any CPU
		{A6B57925-E9AD-4E09-BC4C-32A2BD1164A6}.Release|Any CPU.ActiveCfg = Release|Any CPU
		{A6B57925-E9AD-4E09-BC4C-32A2BD1164A6}.Release|Any CPU.Build.0 = Release|Any CPU
		{A6B57925-E9AD-4E09-BC4C-32A2BD1164A6}.Release|ARM.ActiveCfg = Release|Any CPU
		{A6B57925-E9AD-4E09-BC4C-32A2BD1164A6}.Release|ARM.Build.0 = Release|Any CPU
		{A6B57925-E9AD-4E09-BC4C-32A2BD1164A6}.Release|x64.ActiveCfg = Release|Any CPU
		{A6B57925-E9AD-4E09-BC4C-32A2BD1164A6}.Release|x64.Build.0 = Release|Any CPU
		{A6B57925-E9AD-4E09-BC4C-32A2BD1164A6}.Release|x86.ActiveCfg = Release|Any CPU
		{A6B57925-E9AD-4E09-BC4C-32A2BD1164A6}.Release|x86.Build.0 = Release|Any CPU
		{C2AF98F7-FE1F-46B9-8613-0EF72F6FF436}.Debug|Any CPU.ActiveCfg = Debug|Any CPU
		{C2AF98F7-FE1F-46B9-8613-0EF72F6FF436}.Debug|Any CPU.Build.0 = Debug|Any CPU
		{C2AF98F7-FE1F-46B9-8613-0EF72F6FF436}.Debug|ARM.ActiveCfg = Debug|Any CPU
		{C2AF98F7-FE1F-46B9-8613-0EF72F6FF436}.Debug|ARM.Build.0 = Debug|Any CPU
		{C2AF98F7-FE1F-46B9-8613-0EF72F6FF436}.Debug|x64.ActiveCfg = Debug|Any CPU
		{C2AF98F7-FE1F-46B9-8613-0EF72F6FF436}.Debug|x64.Build.0 = Debug|Any CPU
		{C2AF98F7-FE1F-46B9-8613-0EF72F6FF436}.Debug|x86.ActiveCfg = Debug|Any CPU
		{C2AF98F7-FE1F-46B9-8613-0EF72F6FF436}.Debug|x86.Build.0 = Debug|Any CPU
		{C2AF98F7-FE1F-46B9-8613-0EF72F6FF436}.Release|Any CPU.ActiveCfg = Release|Any CPU
		{C2AF98F7-FE1F-46B9-8613-0EF72F6FF436}.Release|Any CPU.Build.0 = Release|Any CPU
		{C2AF98F7-FE1F-46B9-8613-0EF72F6FF436}.Release|ARM.ActiveCfg = Release|Any CPU
		{C2AF98F7-FE1F-46B9-8613-0EF72F6FF436}.Release|ARM.Build.0 = Release|Any CPU
		{C2AF98F7-FE1F-46B9-8613-0EF72F6FF436}.Release|x64.ActiveCfg = Release|Any CPU
		{C2AF98F7-FE1F-46B9-8613-0EF72F6FF436}.Release|x64.Build.0 = Release|Any CPU
		{C2AF98F7-FE1F-46B9-8613-0EF72F6FF436}.Release|x86.ActiveCfg = Release|Any CPU
		{C2AF98F7-FE1F-46B9-8613-0EF72F6FF436}.Release|x86.Build.0 = Release|Any CPU
		{C758CD3D-B9F8-4420-AC80-411E288A23FF}.Debug|Any CPU.ActiveCfg = Debug|Any CPU
		{C758CD3D-B9F8-4420-AC80-411E288A23FF}.Debug|Any CPU.Build.0 = Debug|Any CPU
		{C758CD3D-B9F8-4420-AC80-411E288A23FF}.Debug|ARM.ActiveCfg = Debug|Any CPU
		{C758CD3D-B9F8-4420-AC80-411E288A23FF}.Debug|ARM.Build.0 = Debug|Any CPU
		{C758CD3D-B9F8-4420-AC80-411E288A23FF}.Debug|x64.ActiveCfg = Debug|Any CPU
		{C758CD3D-B9F8-4420-AC80-411E288A23FF}.Debug|x64.Build.0 = Debug|Any CPU
		{C758CD3D-B9F8-4420-AC80-411E288A23FF}.Debug|x86.ActiveCfg = Debug|Any CPU
		{C758CD3D-B9F8-4420-AC80-411E288A23FF}.Debug|x86.Build.0 = Debug|Any CPU
		{C758CD3D-B9F8-4420-AC80-411E288A23FF}.Release|Any CPU.ActiveCfg = Release|Any CPU
		{C758CD3D-B9F8-4420-AC80-411E288A23FF}.Release|Any CPU.Build.0 = Release|Any CPU
		{C758CD3D-B9F8-4420-AC80-411E288A23FF}.Release|ARM.ActiveCfg = Release|Any CPU
		{C758CD3D-B9F8-4420-AC80-411E288A23FF}.Release|ARM.Build.0 = Release|Any CPU
		{C758CD3D-B9F8-4420-AC80-411E288A23FF}.Release|x64.ActiveCfg = Release|Any CPU
		{C758CD3D-B9F8-4420-AC80-411E288A23FF}.Release|x64.Build.0 = Release|Any CPU
		{C758CD3D-B9F8-4420-AC80-411E288A23FF}.Release|x86.ActiveCfg = Release|Any CPU
		{C758CD3D-B9F8-4420-AC80-411E288A23FF}.Release|x86.Build.0 = Release|Any CPU
		{346F936A-D530-4899-9A81-D6A7F7748122}.Debug|Any CPU.ActiveCfg = Debug|Any CPU
		{346F936A-D530-4899-9A81-D6A7F7748122}.Debug|Any CPU.Build.0 = Debug|Any CPU
		{346F936A-D530-4899-9A81-D6A7F7748122}.Debug|ARM.ActiveCfg = Debug|Any CPU
		{346F936A-D530-4899-9A81-D6A7F7748122}.Debug|ARM.Build.0 = Debug|Any CPU
		{346F936A-D530-4899-9A81-D6A7F7748122}.Debug|x64.ActiveCfg = Debug|Any CPU
		{346F936A-D530-4899-9A81-D6A7F7748122}.Debug|x64.Build.0 = Debug|Any CPU
		{346F936A-D530-4899-9A81-D6A7F7748122}.Debug|x86.ActiveCfg = Debug|Any CPU
		{346F936A-D530-4899-9A81-D6A7F7748122}.Debug|x86.Build.0 = Debug|Any CPU
		{346F936A-D530-4899-9A81-D6A7F7748122}.Release|Any CPU.ActiveCfg = Release|Any CPU
		{346F936A-D530-4899-9A81-D6A7F7748122}.Release|Any CPU.Build.0 = Release|Any CPU
		{346F936A-D530-4899-9A81-D6A7F7748122}.Release|ARM.ActiveCfg = Release|Any CPU
		{346F936A-D530-4899-9A81-D6A7F7748122}.Release|ARM.Build.0 = Release|Any CPU
		{346F936A-D530-4899-9A81-D6A7F7748122}.Release|x64.ActiveCfg = Release|Any CPU
		{346F936A-D530-4899-9A81-D6A7F7748122}.Release|x64.Build.0 = Release|Any CPU
		{346F936A-D530-4899-9A81-D6A7F7748122}.Release|x86.ActiveCfg = Release|Any CPU
		{346F936A-D530-4899-9A81-D6A7F7748122}.Release|x86.Build.0 = Release|Any CPU
		{B1661242-0CE2-4C22-8D9C-C701D8D499CC}.Debug|Any CPU.ActiveCfg = Debug|Any CPU
		{B1661242-0CE2-4C22-8D9C-C701D8D499CC}.Debug|Any CPU.Build.0 = Debug|Any CPU
		{B1661242-0CE2-4C22-8D9C-C701D8D499CC}.Debug|ARM.ActiveCfg = Debug|Any CPU
		{B1661242-0CE2-4C22-8D9C-C701D8D499CC}.Debug|ARM.Build.0 = Debug|Any CPU
		{B1661242-0CE2-4C22-8D9C-C701D8D499CC}.Debug|x64.ActiveCfg = Debug|Any CPU
		{B1661242-0CE2-4C22-8D9C-C701D8D499CC}.Debug|x64.Build.0 = Debug|Any CPU
		{B1661242-0CE2-4C22-8D9C-C701D8D499CC}.Debug|x86.ActiveCfg = Debug|Any CPU
		{B1661242-0CE2-4C22-8D9C-C701D8D499CC}.Debug|x86.Build.0 = Debug|Any CPU
		{B1661242-0CE2-4C22-8D9C-C701D8D499CC}.Release|Any CPU.ActiveCfg = Release|Any CPU
		{B1661242-0CE2-4C22-8D9C-C701D8D499CC}.Release|Any CPU.Build.0 = Release|Any CPU
		{B1661242-0CE2-4C22-8D9C-C701D8D499CC}.Release|ARM.ActiveCfg = Release|Any CPU
		{B1661242-0CE2-4C22-8D9C-C701D8D499CC}.Release|ARM.Build.0 = Release|Any CPU
		{B1661242-0CE2-4C22-8D9C-C701D8D499CC}.Release|x64.ActiveCfg = Release|Any CPU
		{B1661242-0CE2-4C22-8D9C-C701D8D499CC}.Release|x64.Build.0 = Release|Any CPU
		{B1661242-0CE2-4C22-8D9C-C701D8D499CC}.Release|x86.ActiveCfg = Release|Any CPU
		{B1661242-0CE2-4C22-8D9C-C701D8D499CC}.Release|x86.Build.0 = Release|Any CPU
		{422A3C7D-8555-4822-9204-AC598CA5C94F}.Debug|Any CPU.ActiveCfg = Debug|Any CPU
		{422A3C7D-8555-4822-9204-AC598CA5C94F}.Debug|Any CPU.Build.0 = Debug|Any CPU
		{422A3C7D-8555-4822-9204-AC598CA5C94F}.Debug|ARM.ActiveCfg = Debug|Any CPU
		{422A3C7D-8555-4822-9204-AC598CA5C94F}.Debug|ARM.Build.0 = Debug|Any CPU
		{422A3C7D-8555-4822-9204-AC598CA5C94F}.Debug|x64.ActiveCfg = Debug|Any CPU
		{422A3C7D-8555-4822-9204-AC598CA5C94F}.Debug|x64.Build.0 = Debug|Any CPU
		{422A3C7D-8555-4822-9204-AC598CA5C94F}.Debug|x86.ActiveCfg = Debug|Any CPU
		{422A3C7D-8555-4822-9204-AC598CA5C94F}.Debug|x86.Build.0 = Debug|Any CPU
		{422A3C7D-8555-4822-9204-AC598CA5C94F}.Release|Any CPU.ActiveCfg = Release|Any CPU
		{422A3C7D-8555-4822-9204-AC598CA5C94F}.Release|Any CPU.Build.0 = Release|Any CPU
		{422A3C7D-8555-4822-9204-AC598CA5C94F}.Release|ARM.ActiveCfg = Release|Any CPU
		{422A3C7D-8555-4822-9204-AC598CA5C94F}.Release|ARM.Build.0 = Release|Any CPU
		{422A3C7D-8555-4822-9204-AC598CA5C94F}.Release|x64.ActiveCfg = Release|Any CPU
		{422A3C7D-8555-4822-9204-AC598CA5C94F}.Release|x64.Build.0 = Release|Any CPU
		{422A3C7D-8555-4822-9204-AC598CA5C94F}.Release|x86.ActiveCfg = Release|Any CPU
		{422A3C7D-8555-4822-9204-AC598CA5C94F}.Release|x86.Build.0 = Release|Any CPU
		{918D8093-3F1C-4EE9-9895-4257A18A0321}.Debug|Any CPU.ActiveCfg = Debug|Any CPU
		{918D8093-3F1C-4EE9-9895-4257A18A0321}.Debug|Any CPU.Build.0 = Debug|Any CPU
		{918D8093-3F1C-4EE9-9895-4257A18A0321}.Debug|ARM.ActiveCfg = Debug|Any CPU
		{918D8093-3F1C-4EE9-9895-4257A18A0321}.Debug|ARM.Build.0 = Debug|Any CPU
		{918D8093-3F1C-4EE9-9895-4257A18A0321}.Debug|x64.ActiveCfg = Debug|Any CPU
		{918D8093-3F1C-4EE9-9895-4257A18A0321}.Debug|x64.Build.0 = Debug|Any CPU
		{918D8093-3F1C-4EE9-9895-4257A18A0321}.Debug|x86.ActiveCfg = Debug|Any CPU
		{918D8093-3F1C-4EE9-9895-4257A18A0321}.Debug|x86.Build.0 = Debug|Any CPU
		{918D8093-3F1C-4EE9-9895-4257A18A0321}.Release|Any CPU.ActiveCfg = Release|Any CPU
		{918D8093-3F1C-4EE9-9895-4257A18A0321}.Release|Any CPU.Build.0 = Release|Any CPU
		{918D8093-3F1C-4EE9-9895-4257A18A0321}.Release|ARM.ActiveCfg = Release|Any CPU
		{918D8093-3F1C-4EE9-9895-4257A18A0321}.Release|ARM.Build.0 = Release|Any CPU
		{918D8093-3F1C-4EE9-9895-4257A18A0321}.Release|x64.ActiveCfg = Release|Any CPU
		{918D8093-3F1C-4EE9-9895-4257A18A0321}.Release|x64.Build.0 = Release|Any CPU
		{918D8093-3F1C-4EE9-9895-4257A18A0321}.Release|x86.ActiveCfg = Release|Any CPU
		{918D8093-3F1C-4EE9-9895-4257A18A0321}.Release|x86.Build.0 = Release|Any CPU
		{946414AE-CC8F-4434-BBC2-D09B9C64FF00}.Debug|Any CPU.ActiveCfg = Debug|Any CPU
		{946414AE-CC8F-4434-BBC2-D09B9C64FF00}.Debug|Any CPU.Build.0 = Debug|Any CPU
		{946414AE-CC8F-4434-BBC2-D09B9C64FF00}.Debug|ARM.ActiveCfg = Debug|Any CPU
		{946414AE-CC8F-4434-BBC2-D09B9C64FF00}.Debug|ARM.Build.0 = Debug|Any CPU
		{946414AE-CC8F-4434-BBC2-D09B9C64FF00}.Debug|x64.ActiveCfg = Debug|Any CPU
		{946414AE-CC8F-4434-BBC2-D09B9C64FF00}.Debug|x64.Build.0 = Debug|Any CPU
		{946414AE-CC8F-4434-BBC2-D09B9C64FF00}.Debug|x86.ActiveCfg = Debug|Any CPU
		{946414AE-CC8F-4434-BBC2-D09B9C64FF00}.Debug|x86.Build.0 = Debug|Any CPU
		{946414AE-CC8F-4434-BBC2-D09B9C64FF00}.Release|Any CPU.ActiveCfg = Release|Any CPU
		{946414AE-CC8F-4434-BBC2-D09B9C64FF00}.Release|Any CPU.Build.0 = Release|Any CPU
		{946414AE-CC8F-4434-BBC2-D09B9C64FF00}.Release|ARM.ActiveCfg = Release|Any CPU
		{946414AE-CC8F-4434-BBC2-D09B9C64FF00}.Release|ARM.Build.0 = Release|Any CPU
		{946414AE-CC8F-4434-BBC2-D09B9C64FF00}.Release|x64.ActiveCfg = Release|Any CPU
		{946414AE-CC8F-4434-BBC2-D09B9C64FF00}.Release|x64.Build.0 = Release|Any CPU
		{946414AE-CC8F-4434-BBC2-D09B9C64FF00}.Release|x86.ActiveCfg = Release|Any CPU
		{946414AE-CC8F-4434-BBC2-D09B9C64FF00}.Release|x86.Build.0 = Release|Any CPU
		{7B2465D8-14FB-4DE8-9D93-7090C5A01B77}.Debug|Any CPU.ActiveCfg = Debug|x86
		{7B2465D8-14FB-4DE8-9D93-7090C5A01B77}.Debug|ARM.ActiveCfg = Debug|x86
		{7B2465D8-14FB-4DE8-9D93-7090C5A01B77}.Debug|x64.ActiveCfg = Debug|x86
		{7B2465D8-14FB-4DE8-9D93-7090C5A01B77}.Debug|x86.ActiveCfg = Debug|x86
		{7B2465D8-14FB-4DE8-9D93-7090C5A01B77}.Debug|x86.Build.0 = Debug|x86
		{7B2465D8-14FB-4DE8-9D93-7090C5A01B77}.Release|Any CPU.ActiveCfg = Release|x86
		{7B2465D8-14FB-4DE8-9D93-7090C5A01B77}.Release|ARM.ActiveCfg = Release|x86
		{7B2465D8-14FB-4DE8-9D93-7090C5A01B77}.Release|x64.ActiveCfg = Release|x86
		{7B2465D8-14FB-4DE8-9D93-7090C5A01B77}.Release|x86.ActiveCfg = Release|x86
		{7B2465D8-14FB-4DE8-9D93-7090C5A01B77}.Release|x86.Build.0 = Release|x86
		{ED7205F1-CAA4-4E93-9F6E-303E697F8D8E}.Debug|Any CPU.ActiveCfg = Debug|Any CPU
		{ED7205F1-CAA4-4E93-9F6E-303E697F8D8E}.Debug|Any CPU.Build.0 = Debug|Any CPU
		{ED7205F1-CAA4-4E93-9F6E-303E697F8D8E}.Debug|ARM.ActiveCfg = Debug|Any CPU
		{ED7205F1-CAA4-4E93-9F6E-303E697F8D8E}.Debug|ARM.Build.0 = Debug|Any CPU
		{ED7205F1-CAA4-4E93-9F6E-303E697F8D8E}.Debug|x64.ActiveCfg = Debug|Any CPU
		{ED7205F1-CAA4-4E93-9F6E-303E697F8D8E}.Debug|x64.Build.0 = Debug|Any CPU
		{ED7205F1-CAA4-4E93-9F6E-303E697F8D8E}.Debug|x86.ActiveCfg = Debug|Any CPU
		{ED7205F1-CAA4-4E93-9F6E-303E697F8D8E}.Debug|x86.Build.0 = Debug|Any CPU
		{ED7205F1-CAA4-4E93-9F6E-303E697F8D8E}.Release|Any CPU.ActiveCfg = Release|Any CPU
		{ED7205F1-CAA4-4E93-9F6E-303E697F8D8E}.Release|Any CPU.Build.0 = Release|Any CPU
		{ED7205F1-CAA4-4E93-9F6E-303E697F8D8E}.Release|ARM.ActiveCfg = Release|Any CPU
		{ED7205F1-CAA4-4E93-9F6E-303E697F8D8E}.Release|ARM.Build.0 = Release|Any CPU
		{ED7205F1-CAA4-4E93-9F6E-303E697F8D8E}.Release|x64.ActiveCfg = Release|Any CPU
		{ED7205F1-CAA4-4E93-9F6E-303E697F8D8E}.Release|x64.Build.0 = Release|Any CPU
		{ED7205F1-CAA4-4E93-9F6E-303E697F8D8E}.Release|x86.ActiveCfg = Release|Any CPU
		{ED7205F1-CAA4-4E93-9F6E-303E697F8D8E}.Release|x86.Build.0 = Release|Any CPU
		{800F3345-E6C4-43D6-94FF-E455F6C0E5EC}.Debug|Any CPU.ActiveCfg = Debug|Any CPU
		{800F3345-E6C4-43D6-94FF-E455F6C0E5EC}.Debug|Any CPU.Build.0 = Debug|Any CPU
		{800F3345-E6C4-43D6-94FF-E455F6C0E5EC}.Debug|ARM.ActiveCfg = Debug|Any CPU
		{800F3345-E6C4-43D6-94FF-E455F6C0E5EC}.Debug|ARM.Build.0 = Debug|Any CPU
		{800F3345-E6C4-43D6-94FF-E455F6C0E5EC}.Debug|x64.ActiveCfg = Debug|Any CPU
		{800F3345-E6C4-43D6-94FF-E455F6C0E5EC}.Debug|x64.Build.0 = Debug|Any CPU
		{800F3345-E6C4-43D6-94FF-E455F6C0E5EC}.Debug|x86.ActiveCfg = Debug|Any CPU
		{800F3345-E6C4-43D6-94FF-E455F6C0E5EC}.Debug|x86.Build.0 = Debug|Any CPU
		{800F3345-E6C4-43D6-94FF-E455F6C0E5EC}.Release|Any CPU.ActiveCfg = Release|Any CPU
		{800F3345-E6C4-43D6-94FF-E455F6C0E5EC}.Release|Any CPU.Build.0 = Release|Any CPU
		{800F3345-E6C4-43D6-94FF-E455F6C0E5EC}.Release|ARM.ActiveCfg = Release|Any CPU
		{800F3345-E6C4-43D6-94FF-E455F6C0E5EC}.Release|ARM.Build.0 = Release|Any CPU
		{800F3345-E6C4-43D6-94FF-E455F6C0E5EC}.Release|x64.ActiveCfg = Release|Any CPU
		{800F3345-E6C4-43D6-94FF-E455F6C0E5EC}.Release|x64.Build.0 = Release|Any CPU
		{800F3345-E6C4-43D6-94FF-E455F6C0E5EC}.Release|x86.ActiveCfg = Release|Any CPU
		{800F3345-E6C4-43D6-94FF-E455F6C0E5EC}.Release|x86.Build.0 = Release|Any CPU
		{779E6BBB-B656-41FD-BC59-A5B4ECA9E3BE}.Debug|Any CPU.ActiveCfg = Debug|Any CPU
		{779E6BBB-B656-41FD-BC59-A5B4ECA9E3BE}.Debug|Any CPU.Build.0 = Debug|Any CPU
		{779E6BBB-B656-41FD-BC59-A5B4ECA9E3BE}.Debug|ARM.ActiveCfg = Debug|Any CPU
		{779E6BBB-B656-41FD-BC59-A5B4ECA9E3BE}.Debug|ARM.Build.0 = Debug|Any CPU
		{779E6BBB-B656-41FD-BC59-A5B4ECA9E3BE}.Debug|x64.ActiveCfg = Debug|Any CPU
		{779E6BBB-B656-41FD-BC59-A5B4ECA9E3BE}.Debug|x64.Build.0 = Debug|Any CPU
		{779E6BBB-B656-41FD-BC59-A5B4ECA9E3BE}.Debug|x86.ActiveCfg = Debug|Any CPU
		{779E6BBB-B656-41FD-BC59-A5B4ECA9E3BE}.Debug|x86.Build.0 = Debug|Any CPU
		{779E6BBB-B656-41FD-BC59-A5B4ECA9E3BE}.Release|Any CPU.ActiveCfg = Release|Any CPU
		{779E6BBB-B656-41FD-BC59-A5B4ECA9E3BE}.Release|Any CPU.Build.0 = Release|Any CPU
		{779E6BBB-B656-41FD-BC59-A5B4ECA9E3BE}.Release|ARM.ActiveCfg = Release|Any CPU
		{779E6BBB-B656-41FD-BC59-A5B4ECA9E3BE}.Release|ARM.Build.0 = Release|Any CPU
		{779E6BBB-B656-41FD-BC59-A5B4ECA9E3BE}.Release|x64.ActiveCfg = Release|Any CPU
		{779E6BBB-B656-41FD-BC59-A5B4ECA9E3BE}.Release|x64.Build.0 = Release|Any CPU
		{779E6BBB-B656-41FD-BC59-A5B4ECA9E3BE}.Release|x86.ActiveCfg = Release|Any CPU
		{779E6BBB-B656-41FD-BC59-A5B4ECA9E3BE}.Release|x86.Build.0 = Release|Any CPU
	EndGlobalSection
	GlobalSection(SolutionProperties) = preSolution
		HideSolutionNode = FALSE
	EndGlobalSection
	GlobalSection(NestedProjects) = preSolution
		{F7E23E95-ED82-4E07-9820-F2F92C78A43E} = {4D0D143C-B43C-41F0-89AF-EDA121770B37}
		{EB9C94B9-91B4-4F66-9763-6CE637901145} = {F7E23E95-ED82-4E07-9820-F2F92C78A43E}
		{98EC024C-6439-44B1-8B1E-29E457B2201F} = {F7E23E95-ED82-4E07-9820-F2F92C78A43E}
		{7878DF3A-8418-4ACA-B415-300B81AFD792} = {49026145-4CC3-4DED-BFAE-A2B87C0CEBC3}
		{43EF88A3-B29F-4CBF-9A4B-DF2AACED052E} = {E402FB2A-AFF3-4187-8140-5837A01B1349}
		{49026145-4CC3-4DED-BFAE-A2B87C0CEBC3} = {43EF88A3-B29F-4CBF-9A4B-DF2AACED052E}
		{AA3E4625-5030-434D-850C-5BFA69D76F2E} = {1C26E3E0-A05C-4BFC-AA4F-90A48B5D58E6}
		{A6B57925-E9AD-4E09-BC4C-32A2BD1164A6} = {AC2081A9-8821-4480-9671-D3EB8F1D114A}
		{AC2081A9-8821-4480-9671-D3EB8F1D114A} = {43EF88A3-B29F-4CBF-9A4B-DF2AACED052E}
		{C2AF98F7-FE1F-46B9-8613-0EF72F6FF436} = {AC2081A9-8821-4480-9671-D3EB8F1D114A}
		{C758CD3D-B9F8-4420-AC80-411E288A23FF} = {CAD60DFA-15EF-4DE0-9EEC-1BFD6B8D955F}
		{7812AC91-D2B8-4FF4-A356-FD52DA7CD931} = {4D0D143C-B43C-41F0-89AF-EDA121770B37}
		{346F936A-D530-4899-9A81-D6A7F7748122} = {BA21E18C-7E64-4AEA-873C-0A9C826DEC1F}
		{B1661242-0CE2-4C22-8D9C-C701D8D499CC} = {BA21E18C-7E64-4AEA-873C-0A9C826DEC1F}
		{422A3C7D-8555-4822-9204-AC598CA5C94F} = {BA21E18C-7E64-4AEA-873C-0A9C826DEC1F}
		{918D8093-3F1C-4EE9-9895-4257A18A0321} = {BA21E18C-7E64-4AEA-873C-0A9C826DEC1F}
		{BA21E18C-7E64-4AEA-873C-0A9C826DEC1F} = {7812AC91-D2B8-4FF4-A356-FD52DA7CD931}
		{F8B7B662-CE3B-4A89-8344-F7113BCF37D3} = {7812AC91-D2B8-4FF4-A356-FD52DA7CD931}
		{946414AE-CC8F-4434-BBC2-D09B9C64FF00} = {F8B7B662-CE3B-4A89-8344-F7113BCF37D3}
		{CF1E96BB-5587-4126-AAC7-86A8E150643C} = {7812AC91-D2B8-4FF4-A356-FD52DA7CD931}
		{7B2465D8-14FB-4DE8-9D93-7090C5A01B77} = {CF1E96BB-5587-4126-AAC7-86A8E150643C}
		{ED7205F1-CAA4-4E93-9F6E-303E697F8D8E} = {BA21E18C-7E64-4AEA-873C-0A9C826DEC1F}
		{800F3345-E6C4-43D6-94FF-E455F6C0E5EC} = {CF1E96BB-5587-4126-AAC7-86A8E150643C}
		{B0641DFC-F5EF-41EC-9A04-9CA3AE4CD3C0} = {E402FB2A-AFF3-4187-8140-5837A01B1349}
		{766A39CB-F28B-4E22-8998-560191441EA0} = {B0641DFC-F5EF-41EC-9A04-9CA3AE4CD3C0}
		{8D1018DD-EA00-4F7D-B5F7-3F46A482C178} = {B0641DFC-F5EF-41EC-9A04-9CA3AE4CD3C0}
		{779E6BBB-B656-41FD-BC59-A5B4ECA9E3BE} = {8D1018DD-EA00-4F7D-B5F7-3F46A482C178}
		{F27798F3-0529-4852-9E9C-819699A772CB} = {766A39CB-F28B-4E22-8998-560191441EA0}
	EndGlobalSection
	GlobalSection(ExtensibilityGlobals) = postSolution
		SolutionGuid = {ABDE4EA1-B6A3-41C1-AC23-2CA7A04C03AB}
	EndGlobalSection
EndGlobal
